
Microsoft Visual Studio Solution File, Format Version 12.00
# Visual Studio Version 16
VisualStudioVersion = 16.0.29924.181
MinimumVisualStudioVersion = 10.0.40219.1
Project("{9A19103F-16F7-4668-BE54-9A1E7A4F7556}") = "CoolStore.WebUI", "src\WebUI\CoolStore.WebUI\CoolStore.WebUI.csproj", "{48ED6D22-087B-440B-A4FA-A2F832799CB6}"
EndProject
Project("{9A19103F-16F7-4668-BE54-9A1E7A4F7556}") = "CoolStore.WebUI.Host", "src\WebUI\CoolStore.WebUI.Host\CoolStore.WebUI.Host.csproj", "{1E36FBDD-DE73-4879-8350-CDD6273455F2}"
EndProject
Global
	GlobalSection(SolutionConfigurationPlatforms) = preSolution
		Debug|Any CPU = Debug|Any CPU
		Release|Any CPU = Release|Any CPU
	EndGlobalSection
	GlobalSection(ProjectConfigurationPlatforms) = postSolution
		{48ED6D22-087B-440B-A4FA-A2F832799CB6}.Debug|Any CPU.ActiveCfg = Debug|Any CPU
		{48ED6D22-087B-440B-A4FA-A2F832799CB6}.Debug|Any CPU.Build.0 = Debug|Any CPU
		{48ED6D22-087B-440B-A4FA-A2F832799CB6}.Release|Any CPU.ActiveCfg = Release|Any CPU
		{48ED6D22-087B-440B-A4FA-A2F832799CB6}.Release|Any CPU.Build.0 = Release|Any CPU
		{1E36FBDD-DE73-4879-8350-CDD6273455F2}.Debug|Any CPU.ActiveCfg = Debug|Any CPU
		{1E36FBDD-DE73-4879-8350-CDD6273455F2}.Debug|Any CPU.Build.0 = Debug|Any CPU
		{1E36FBDD-DE73-4879-8350-CDD6273455F2}.Release|Any CPU.ActiveCfg = Release|Any CPU
		{1E36FBDD-DE73-4879-8350-CDD6273455F2}.Release|Any CPU.Build.0 = Release|Any CPU
	EndGlobalSection
	GlobalSection(SolutionProperties) = preSolution
		HideSolutionNode = FALSE
	EndGlobalSection
	GlobalSection(ExtensibilityGlobals) = postSolution
		SolutionGuid = {C19B7DF9-8DBF-456B-8A51-19E072DAB9E0}
	EndGlobalSection
EndGlobal
