
Microsoft Visual Studio Solution File, Format Version 12.00
# Visual Studio Version 16
VisualStudioVersion = 16.0.29721.120
MinimumVisualStudioVersion = 10.0.40219.1
Project("{2150E333-8FDC-42A3-9474-1A3956D46DE8}") = "src", "src", "{A4A723DA-686E-4AF3-8CF8-709E1E75C99C}"
EndProject
Project("{2150E333-8FDC-42A3-9474-1A3956D46DE8}") = "BuildingBlocks", "BuildingBlocks", "{527B152F-BC11-42AE-89CE-E5B26C580F7F}"
EndProject
Project("{9A19103F-16F7-4668-BE54-9A1E7A4F7556}") = "N8T.Domain", "src\BuildingBlocks\N8T.Domain\N8T.Domain.csproj", "{FC508CA8-4DB3-44D5-9A69-70C4158FB333}"
EndProject
Project("{2150E333-8FDC-42A3-9474-1A3956D46DE8}") = "__", "__", "{9DCADFAA-8ECD-4959-9320-EE08ECADE524}"
	ProjectSection(SolutionItems) = preProject
		.editorconfig = .editorconfig
		.gitattributes = .gitattributes
		.gitignore = .gitignore
		global.json = global.json
		LICENSE = LICENSE
		nuget.config = nuget.config
		README.md = README.md
		tye.yaml = tye.yaml
	EndProjectSection
EndProject
Project("{2150E333-8FDC-42A3-9474-1A3956D46DE8}") = "GraphApi", "GraphApi", "{5C0DE234-8C59-4ADD-8D43-83CDC84A4A13}"
EndProject
Project("{2150E333-8FDC-42A3-9474-1A3956D46DE8}") = "Identity", "Identity", "{D5A832EF-BECF-47DE-9D8A-9E8B2E859A87}"
EndProject
Project("{2150E333-8FDC-42A3-9474-1A3956D46DE8}") = "Inventory", "Inventory", "{36019538-F352-459E-A646-115428621E8E}"
EndProject
Project("{2150E333-8FDC-42A3-9474-1A3956D46DE8}") = "ProductCatalog", "ProductCatalog", "{6ED8DE8E-DD79-459E-B83D-A92BEEF82B76}"
EndProject
Project("{9A19103F-16F7-4668-BE54-9A1E7A4F7556}") = "CoolStore.GraphApi", "src\GraphApi\CoolStore.GraphApi\CoolStore.GraphApi.csproj", "{AA265494-BABA-43B2-854D-839090A92150}"
EndProject
Project("{9A19103F-16F7-4668-BE54-9A1E7A4F7556}") = "CoolStore.IdentityServer", "src\Identity\CoolStore.IdentityServer\CoolStore.IdentityServer.csproj", "{A3D14431-DFE6-433E-85C0-B92C60E3503F}"
EndProject
Project("{9A19103F-16F7-4668-BE54-9A1E7A4F7556}") = "CoolStore.ProductCatalogApi", "src\ProductCatalog\CoolStore.ProductCatalogApi\CoolStore.ProductCatalogApi.csproj", "{D8D8FE55-07AF-49DC-8437-1F794D629187}"
EndProject
Project("{9A19103F-16F7-4668-BE54-9A1E7A4F7556}") = "CoolStore.InventoryApi", "src\Inventory\CoolStore.InventoryApi\CoolStore.InventoryApi.csproj", "{00B9F3A1-02A7-4AC3-BB45-76DE05F9C095}"
EndProject
Project("{2150E333-8FDC-42A3-9474-1A3956D46DE8}") = "WebUI", "WebUI", "{42D6E17C-BD7A-4499-94F0-13889869F7E8}"
EndProject
Project("{9A19103F-16F7-4668-BE54-9A1E7A4F7556}") = "CoolStore.WebUI.Host", "src\WebUI\CoolStore.WebUI.Host\CoolStore.WebUI.Host.csproj", "{464235CB-7E36-4015-BF14-99B614938135}"
EndProject
Project("{9A19103F-16F7-4668-BE54-9A1E7A4F7556}") = "CoolStore.WebUI", "src\WebUI\CoolStore.WebUI\CoolStore.WebUI.csproj", "{2AF38C8A-7CE1-4C03-B9EF-A7766DDA6FAB}"
EndProject
Project("{9A19103F-16F7-4668-BE54-9A1E7A4F7556}") = "N8T.Infrastructure", "src\BuildingBlocks\N8T.Infrastructure\N8T.Infrastructure.csproj", "{19DD4DA9-66A8-4EB4-AED7-29BAD2E3FA25}"
EndProject
Global
	GlobalSection(SolutionConfigurationPlatforms) = preSolution
		Debug|Any CPU = Debug|Any CPU
		Release|Any CPU = Release|Any CPU
	EndGlobalSection
	GlobalSection(ProjectConfigurationPlatforms) = postSolution
		{FC508CA8-4DB3-44D5-9A69-70C4158FB333}.Debug|Any CPU.ActiveCfg = Debug|Any CPU
		{FC508CA8-4DB3-44D5-9A69-70C4158FB333}.Debug|Any CPU.Build.0 = Debug|Any CPU
		{FC508CA8-4DB3-44D5-9A69-70C4158FB333}.Release|Any CPU.ActiveCfg = Release|Any CPU
		{FC508CA8-4DB3-44D5-9A69-70C4158FB333}.Release|Any CPU.Build.0 = Release|Any CPU
		{AA265494-BABA-43B2-854D-839090A92150}.Debug|Any CPU.ActiveCfg = Debug|Any CPU
		{AA265494-BABA-43B2-854D-839090A92150}.Debug|Any CPU.Build.0 = Debug|Any CPU
		{AA265494-BABA-43B2-854D-839090A92150}.Release|Any CPU.ActiveCfg = Release|Any CPU
		{AA265494-BABA-43B2-854D-839090A92150}.Release|Any CPU.Build.0 = Release|Any CPU
		{A3D14431-DFE6-433E-85C0-B92C60E3503F}.Debug|Any CPU.ActiveCfg = Debug|Any CPU
		{A3D14431-DFE6-433E-85C0-B92C60E3503F}.Debug|Any CPU.Build.0 = Debug|Any CPU
		{A3D14431-DFE6-433E-85C0-B92C60E3503F}.Release|Any CPU.ActiveCfg = Release|Any CPU
		{A3D14431-DFE6-433E-85C0-B92C60E3503F}.Release|Any CPU.Build.0 = Release|Any CPU
		{D8D8FE55-07AF-49DC-8437-1F794D629187}.Debug|Any CPU.ActiveCfg = Debug|Any CPU
		{D8D8FE55-07AF-49DC-8437-1F794D629187}.Debug|Any CPU.Build.0 = Debug|Any CPU
		{D8D8FE55-07AF-49DC-8437-1F794D629187}.Release|Any CPU.ActiveCfg = Release|Any CPU
		{D8D8FE55-07AF-49DC-8437-1F794D629187}.Release|Any CPU.Build.0 = Release|Any CPU
		{00B9F3A1-02A7-4AC3-BB45-76DE05F9C095}.Debug|Any CPU.ActiveCfg = Debug|Any CPU
		{00B9F3A1-02A7-4AC3-BB45-76DE05F9C095}.Debug|Any CPU.Build.0 = Debug|Any CPU
		{00B9F3A1-02A7-4AC3-BB45-76DE05F9C095}.Release|Any CPU.ActiveCfg = Release|Any CPU
		{00B9F3A1-02A7-4AC3-BB45-76DE05F9C095}.Release|Any CPU.Build.0 = Release|Any CPU
		{464235CB-7E36-4015-BF14-99B614938135}.Debug|Any CPU.ActiveCfg = Debug|Any CPU
		{464235CB-7E36-4015-BF14-99B614938135}.Debug|Any CPU.Build.0 = Debug|Any CPU
		{464235CB-7E36-4015-BF14-99B614938135}.Release|Any CPU.ActiveCfg = Release|Any CPU
		{464235CB-7E36-4015-BF14-99B614938135}.Release|Any CPU.Build.0 = Release|Any CPU
		{2AF38C8A-7CE1-4C03-B9EF-A7766DDA6FAB}.Debug|Any CPU.ActiveCfg = Debug|Any CPU
		{2AF38C8A-7CE1-4C03-B9EF-A7766DDA6FAB}.Debug|Any CPU.Build.0 = Debug|Any CPU
		{2AF38C8A-7CE1-4C03-B9EF-A7766DDA6FAB}.Release|Any CPU.ActiveCfg = Release|Any CPU
		{2AF38C8A-7CE1-4C03-B9EF-A7766DDA6FAB}.Release|Any CPU.Build.0 = Release|Any CPU
		{19DD4DA9-66A8-4EB4-AED7-29BAD2E3FA25}.Debug|Any CPU.ActiveCfg = Debug|Any CPU
		{19DD4DA9-66A8-4EB4-AED7-29BAD2E3FA25}.Debug|Any CPU.Build.0 = Debug|Any CPU
		{19DD4DA9-66A8-4EB4-AED7-29BAD2E3FA25}.Release|Any CPU.ActiveCfg = Release|Any CPU
		{19DD4DA9-66A8-4EB4-AED7-29BAD2E3FA25}.Release|Any CPU.Build.0 = Release|Any CPU
	EndGlobalSection
	GlobalSection(SolutionProperties) = preSolution
		HideSolutionNode = FALSE
	EndGlobalSection
	GlobalSection(NestedProjects) = preSolution
		{527B152F-BC11-42AE-89CE-E5B26C580F7F} = {A4A723DA-686E-4AF3-8CF8-709E1E75C99C}
		{FC508CA8-4DB3-44D5-9A69-70C4158FB333} = {527B152F-BC11-42AE-89CE-E5B26C580F7F}
		{5C0DE234-8C59-4ADD-8D43-83CDC84A4A13} = {A4A723DA-686E-4AF3-8CF8-709E1E75C99C}
		{D5A832EF-BECF-47DE-9D8A-9E8B2E859A87} = {A4A723DA-686E-4AF3-8CF8-709E1E75C99C}
		{36019538-F352-459E-A646-115428621E8E} = {A4A723DA-686E-4AF3-8CF8-709E1E75C99C}
		{6ED8DE8E-DD79-459E-B83D-A92BEEF82B76} = {A4A723DA-686E-4AF3-8CF8-709E1E75C99C}
		{AA265494-BABA-43B2-854D-839090A92150} = {5C0DE234-8C59-4ADD-8D43-83CDC84A4A13}
		{A3D14431-DFE6-433E-85C0-B92C60E3503F} = {D5A832EF-BECF-47DE-9D8A-9E8B2E859A87}
		{D8D8FE55-07AF-49DC-8437-1F794D629187} = {6ED8DE8E-DD79-459E-B83D-A92BEEF82B76}
		{00B9F3A1-02A7-4AC3-BB45-76DE05F9C095} = {36019538-F352-459E-A646-115428621E8E}
		{42D6E17C-BD7A-4499-94F0-13889869F7E8} = {A4A723DA-686E-4AF3-8CF8-709E1E75C99C}
		{464235CB-7E36-4015-BF14-99B614938135} = {42D6E17C-BD7A-4499-94F0-13889869F7E8}
		{2AF38C8A-7CE1-4C03-B9EF-A7766DDA6FAB} = {42D6E17C-BD7A-4499-94F0-13889869F7E8}
		{19DD4DA9-66A8-4EB4-AED7-29BAD2E3FA25} = {527B152F-BC11-42AE-89CE-E5B26C580F7F}
	EndGlobalSection
	GlobalSection(ExtensibilityGlobals) = postSolution
		SolutionGuid = {765FF0DA-E88E-4254-9C2B-434D0AFF69C0}
	EndGlobalSection
EndGlobal
